// !$*UTF8*$!
{
	archiveVersion = 1;
	classes = {
	};
	objectVersion = 55;
	objects = {

/* Begin PBXBuildFile section */
		29DC4245291EC43D0067B0A8 /* GlassyFyApp.swift in Sources */ = {isa = PBXBuildFile; fileRef = 29DC4244291EC43D0067B0A8 /* GlassyFyApp.swift */; };
		29DC4247291EC43D0067B0A8 /* PerfilUsuarioView.swift in Sources */ = {isa = PBXBuildFile; fileRef = 29DC4246291EC43D0067B0A8 /* PerfilUsuarioView.swift */; };
		29DC4249291EC43E0067B0A8 /* Assets.xcassets in Resources */ = {isa = PBXBuildFile; fileRef = 29DC4248291EC43E0067B0A8 /* Assets.xcassets */; };
		29DC424C291EC43E0067B0A8 /* Preview Assets.xcassets in Resources */ = {isa = PBXBuildFile; fileRef = 29DC424B291EC43E0067B0A8 /* Preview Assets.xcassets */; };
		29DC4255291EC5100067B0A8 /* ViewModel.swift in Sources */ = {isa = PBXBuildFile; fileRef = 29DC4254291EC5100067B0A8 /* ViewModel.swift */; };
		29DC4257291EC6BA0067B0A8 /* CoreDataManager.swift in Sources */ = {isa = PBXBuildFile; fileRef = 29DC4256291EC6BA0067B0A8 /* CoreDataManager.swift */; };
		29DC425A291EC90D0067B0A8 /* GestionGlassyFyModel.xcdatamodeld in Sources */ = {isa = PBXBuildFile; fileRef = 29DC4258291EC90D0067B0A8 /* GestionGlassyFyModel.xcdatamodeld */; };
		6AA136A42927F11A006C1D4F /* NuevoExperimentoView.swift in Sources */ = {isa = PBXBuildFile; fileRef = 6AA136A32927F11A006C1D4F /* NuevoExperimentoView.swift */; };
		6AB481B7292E3D2A00558179 /* VistaMain.swift in Sources */ = {isa = PBXBuildFile; fileRef = 6AB481B6292E3D2A00558179 /* VistaMain.swift */; };
/* End PBXBuildFile section */

/* Begin PBXFileReference section */
		29DC4241291EC43D0067B0A8 /* GlassyFy.app */ = {isa = PBXFileReference; explicitFileType = wrapper.application; includeInIndex = 0; path = GlassyFy.app; sourceTree = BUILT_PRODUCTS_DIR; };
		29DC4244291EC43D0067B0A8 /* GlassyFyApp.swift */ = {isa = PBXFileReference; lastKnownFileType = sourcecode.swift; path = GlassyFyApp.swift; sourceTree = "<group>"; };
		29DC4246291EC43D0067B0A8 /* PerfilUsuarioView.swift */ = {isa = PBXFileReference; lastKnownFileType = sourcecode.swift; path = PerfilUsuarioView.swift; sourceTree = "<group>"; };
		29DC4248291EC43E0067B0A8 /* Assets.xcassets */ = {isa = PBXFileReference; lastKnownFileType = folder.assetcatalog; path = Assets.xcassets; sourceTree = "<group>"; };
		29DC424B291EC43E0067B0A8 /* Preview Assets.xcassets */ = {isa = PBXFileReference; lastKnownFileType = folder.assetcatalog; path = "Preview Assets.xcassets"; sourceTree = "<group>"; };
		29DC4254291EC5100067B0A8 /* ViewModel.swift */ = {isa = PBXFileReference; lastKnownFileType = sourcecode.swift; path = ViewModel.swift; sourceTree = "<group>"; };
		29DC4256291EC6BA0067B0A8 /* CoreDataManager.swift */ = {isa = PBXFileReference; lastKnownFileType = sourcecode.swift; path = CoreDataManager.swift; sourceTree = "<group>"; };
		29DC4259291EC90D0067B0A8 /* GestionGlassyFyModel.xcdatamodel */ = {isa = PBXFileReference; lastKnownFileType = wrapper.xcdatamodel; path = GestionGlassyFyModel.xcdatamodel; sourceTree = "<group>"; };
		6AA136A32927F11A006C1D4F /* NuevoExperimentoView.swift */ = {isa = PBXFileReference; lastKnownFileType = sourcecode.swift; path = NuevoExperimentoView.swift; sourceTree = "<group>"; };
		6AB481B6292E3D2A00558179 /* VistaMain.swift */ = {isa = PBXFileReference; lastKnownFileType = sourcecode.swift; path = VistaMain.swift; sourceTree = "<group>"; };
/* End PBXFileReference section */

/* Begin PBXFrameworksBuildPhase section */
		29DC423E291EC43D0067B0A8 /* Frameworks */ = {
			isa = PBXFrameworksBuildPhase;
			buildActionMask = 2147483647;
			files = (
			);
			runOnlyForDeploymentPostprocessing = 0;
		};
/* End PBXFrameworksBuildPhase section */

/* Begin PBXGroup section */
		29DC4238291EC43D0067B0A8 = {
			isa = PBXGroup;
			children = (
				6AA136A22927F0DC006C1D4F /* Experimento */,
				29DC4253291EC4790067B0A8 /* ViewModel */,
				29DC4243291EC43D0067B0A8 /* GlassyFy */,
				29DC4242291EC43D0067B0A8 /* Products */,
			);
			sourceTree = "<group>";
		};
		29DC4242291EC43D0067B0A8 /* Products */ = {
			isa = PBXGroup;
			children = (
				29DC4241291EC43D0067B0A8 /* GlassyFy.app */,
			);
			name = Products;
			sourceTree = "<group>";
		};
		29DC4243291EC43D0067B0A8 /* GlassyFy */ = {
			isa = PBXGroup;
			children = (
				6AB481B6292E3D2A00558179 /* VistaMain.swift */,
				29DC4244291EC43D0067B0A8 /* GlassyFyApp.swift */,
				29DC4246291EC43D0067B0A8 /* PerfilUsuarioView.swift */,
				29DC4248291EC43E0067B0A8 /* Assets.xcassets */,
				29DC424A291EC43E0067B0A8 /* Preview Content */,
			);
			path = GlassyFy;
			sourceTree = "<group>";
		};
		29DC424A291EC43E0067B0A8 /* Preview Content */ = {
			isa = PBXGroup;
			children = (
				29DC424B291EC43E0067B0A8 /* Preview Assets.xcassets */,
			);
			path = "Preview Content";
			sourceTree = "<group>";
		};
		29DC4253291EC4790067B0A8 /* ViewModel */ = {
			isa = PBXGroup;
			children = (
				29DC4258291EC90D0067B0A8 /* GestionGlassyFyModel.xcdatamodeld */,
				29DC4256291EC6BA0067B0A8 /* CoreDataManager.swift */,
				29DC4254291EC5100067B0A8 /* ViewModel.swift */,
			);
			path = ViewModel;
			sourceTree = "<group>";
		};
		6AA136A22927F0DC006C1D4F /* Experimento */ = {
			isa = PBXGroup;
			children = (
				6AA136A32927F11A006C1D4F /* NuevoExperimentoView.swift */,
			);
			path = Experimento;
			sourceTree = "<group>";
		};
/* End PBXGroup section */

/* Begin PBXNativeTarget section */
		29DC4240291EC43D0067B0A8 /* GlassyFy */ = {
			isa = PBXNativeTarget;
			buildConfigurationList = 29DC424F291EC43E0067B0A8 /* Build configuration list for PBXNativeTarget "GlassyFy" */;
			buildPhases = (
				29DC423D291EC43D0067B0A8 /* Sources */,
				29DC423E291EC43D0067B0A8 /* Frameworks */,
				29DC423F291EC43D0067B0A8 /* Resources */,
			);
			buildRules = (
			);
			dependencies = (
			);
			name = GlassyFy;
			productName = GlassyFy;
			productReference = 29DC4241291EC43D0067B0A8 /* GlassyFy.app */;
			productType = "com.apple.product-type.application";
		};
/* End PBXNativeTarget section */

/* Begin PBXProject section */
		29DC4239291EC43D0067B0A8 /* Project object */ = {
			isa = PBXProject;
			attributes = {
				BuildIndependentTargetsInParallel = 1;
				LastSwiftUpdateCheck = 1340;
				LastUpgradeCheck = 1340;
				TargetAttributes = {
					29DC4240291EC43D0067B0A8 = {
						CreatedOnToolsVersion = 13.4.1;
					};
				};
			};
			buildConfigurationList = 29DC423C291EC43D0067B0A8 /* Build configuration list for PBXProject "GlassyFy" */;
			compatibilityVersion = "Xcode 13.0";
			developmentRegion = en;
			hasScannedForEncodings = 0;
			knownRegions = (
				en,
				Base,
			);
			mainGroup = 29DC4238291EC43D0067B0A8;
			productRefGroup = 29DC4242291EC43D0067B0A8 /* Products */;
			projectDirPath = "";
			projectRoot = "";
			targets = (
				29DC4240291EC43D0067B0A8 /* GlassyFy */,
			);
		};
/* End PBXProject section */

/* Begin PBXResourcesBuildPhase section */
		29DC423F291EC43D0067B0A8 /* Resources */ = {
			isa = PBXResourcesBuildPhase;
			buildActionMask = 2147483647;
			files = (
				29DC424C291EC43E0067B0A8 /* Preview Assets.xcassets in Resources */,
				29DC4249291EC43E0067B0A8 /* Assets.xcassets in Resources */,
			);
			runOnlyForDeploymentPostprocessing = 0;
		};
/* End PBXResourcesBuildPhase section */

/* Begin PBXSourcesBuildPhase section */
		29DC423D291EC43D0067B0A8 /* Sources */ = {
			isa = PBXSourcesBuildPhase;
			buildActionMask = 2147483647;
			files = (
				29DC425A291EC90D0067B0A8 /* GestionGlassyFyModel.xcdatamodeld in Sources */,
				29DC4247291EC43D0067B0A8 /* PerfilUsuarioView.swift in Sources */,
				29DC4245291EC43D0067B0A8 /* GlassyFyApp.swift in Sources */,
				29DC4257291EC6BA0067B0A8 /* CoreDataManager.swift in Sources */,
				6AA136A42927F11A006C1D4F /* NuevoExperimentoView.swift in Sources */,
				29DC4255291EC5100067B0A8 /* ViewModel.swift in Sources */,
				6AB481B7292E3D2A00558179 /* VistaMain.swift in Sources */,
			);
			runOnlyForDeploymentPostprocessing = 0;
		};
/* End PBXSourcesBuildPhase section */

/* Begin XCBuildConfiguration section */
		29DC424D291EC43E0067B0A8 /* Debug */ = {
			isa = XCBuildConfiguration;
			buildSettings = {
				ALWAYS_SEARCH_USER_PATHS = NO;
				CLANG_ANALYZER_NONNULL = YES;
				CLANG_ANALYZER_NUMBER_OBJECT_CONVERSION = YES_AGGRESSIVE;
				CLANG_CXX_LANGUAGE_STANDARD = "gnu++17";
				CLANG_ENABLE_MODULES = YES;
				CLANG_ENABLE_OBJC_ARC = YES;
				CLANG_ENABLE_OBJC_WEAK = YES;
				CLANG_WARN_BLOCK_CAPTURE_AUTORELEASING = YES;
				CLANG_WARN_BOOL_CONVERSION = YES;
				CLANG_WARN_COMMA = YES;
				CLANG_WARN_CONSTANT_CONVERSION = YES;
				CLANG_WARN_DEPRECATED_OBJC_IMPLEMENTATIONS = YES;
				CLANG_WARN_DIRECT_OBJC_ISA_USAGE = YES_ERROR;
				CLANG_WARN_DOCUMENTATION_COMMENTS = YES;
				CLANG_WARN_EMPTY_BODY = YES;
				CLANG_WARN_ENUM_CONVERSION = YES;
				CLANG_WARN_INFINITE_RECURSION = YES;
				CLANG_WARN_INT_CONVERSION = YES;
				CLANG_WARN_NON_LITERAL_NULL_CONVERSION = YES;
				CLANG_WARN_OBJC_IMPLICIT_RETAIN_SELF = YES;
				CLANG_WARN_OBJC_LITERAL_CONVERSION = YES;
				CLANG_WARN_OBJC_ROOT_CLASS = YES_ERROR;
				CLANG_WARN_QUOTED_INCLUDE_IN_FRAMEWORK_HEADER = YES;
				CLANG_WARN_RANGE_LOOP_ANALYSIS = YES;
				CLANG_WARN_STRICT_PROTOTYPES = YES;
				CLANG_WARN_SUSPICIOUS_MOVE = YES;
				CLANG_WARN_UNGUARDED_AVAILABILITY = YES_AGGRESSIVE;
				CLANG_WARN_UNREACHABLE_CODE = YES;
				CLANG_WARN__DUPLICATE_METHOD_MATCH = YES;
				COPY_PHASE_STRIP = NO;
				DEBUG_INFORMATION_FORMAT = dwarf;
				ENABLE_STRICT_OBJC_MSGSEND = YES;
				ENABLE_TESTABILITY = YES;
				GCC_C_LANGUAGE_STANDARD = gnu11;
				GCC_DYNAMIC_NO_PIC = NO;
				GCC_NO_COMMON_BLOCKS = YES;
				GCC_OPTIMIZATION_LEVEL = 0;
				GCC_PREPROCESSOR_DEFINITIONS = (
					"DEBUG=1",
					"$(inherited)",
				);
				GCC_WARN_64_TO_32_BIT_CONVERSION = YES;
				GCC_WARN_ABOUT_RETURN_TYPE = YES_ERROR;
				GCC_WARN_UNDECLARED_SELECTOR = YES;
				GCC_WARN_UNINITIALIZED_AUTOS = YES_AGGRESSIVE;
				GCC_WARN_UNUSED_FUNCTION = YES;
				GCC_WARN_UNUSED_VARIABLE = YES;
				IPHONEOS_DEPLOYMENT_TARGET = 15.5;
				MTL_ENABLE_DEBUG_INFO = INCLUDE_SOURCE;
				MTL_FAST_MATH = YES;
				ONLY_ACTIVE_ARCH = YES;
				SDKROOT = iphoneos;
				SWIFT_ACTIVE_COMPILATION_CONDITIONS = DEBUG;
				SWIFT_OPTIMIZATION_LEVEL = "-Onone";
			};
			name = Debug;
		};
		29DC424E291EC43E0067B0A8 /* Release */ = {
			isa = XCBuildConfiguration;
			buildSettings = {
				ALWAYS_SEARCH_USER_PATHS = NO;
				CLANG_ANALYZER_NONNULL = YES;
				CLANG_ANALYZER_NUMBER_OBJECT_CONVERSION = YES_AGGRESSIVE;
				CLANG_CXX_LANGUAGE_STANDARD = "gnu++17";
				CLANG_ENABLE_MODULES = YES;
				CLANG_ENABLE_OBJC_ARC = YES;
				CLANG_ENABLE_OBJC_WEAK = YES;
				CLANG_WARN_BLOCK_CAPTURE_AUTORELEASING = YES;
				CLANG_WARN_BOOL_CONVERSION = YES;
				CLANG_WARN_COMMA = YES;
				CLANG_WARN_CONSTANT_CONVERSION = YES;
				CLANG_WARN_DEPRECATED_OBJC_IMPLEMENTATIONS = YES;
				CLANG_WARN_DIRECT_OBJC_ISA_USAGE = YES_ERROR;
				CLANG_WARN_DOCUMENTATION_COMMENTS = YES;
				CLANG_WARN_EMPTY_BODY = YES;
				CLANG_WARN_ENUM_CONVERSION = YES;
				CLANG_WARN_INFINITE_RECURSION = YES;
				CLANG_WARN_INT_CONVERSION = YES;
				CLANG_WARN_NON_LITERAL_NULL_CONVERSION = YES;
				CLANG_WARN_OBJC_IMPLICIT_RETAIN_SELF = YES;
				CLANG_WARN_OBJC_LITERAL_CONVERSION = YES;
				CLANG_WARN_OBJC_ROOT_CLASS = YES_ERROR;
				CLANG_WARN_QUOTED_INCLUDE_IN_FRAMEWORK_HEADER = YES;
				CLANG_WARN_RANGE_LOOP_ANALYSIS = YES;
				CLANG_WARN_STRICT_PROTOTYPES = YES;
				CLANG_WARN_SUSPICIOUS_MOVE = YES;
				CLANG_WARN_UNGUARDED_AVAILABILITY = YES_AGGRESSIVE;
				CLANG_WARN_UNREACHABLE_CODE = YES;
				CLANG_WARN__DUPLICATE_METHOD_MATCH = YES;
				COPY_PHASE_STRIP = NO;
				DEBUG_INFORMATION_FORMAT = "dwarf-with-dsym";
				ENABLE_NS_ASSERTIONS = NO;
				ENABLE_STRICT_OBJC_MSGSEND = YES;
				GCC_C_LANGUAGE_STANDARD = gnu11;
				GCC_NO_COMMON_BLOCKS = YES;
				GCC_WARN_64_TO_32_BIT_CONVERSION = YES;
				GCC_WARN_ABOUT_RETURN_TYPE = YES_ERROR;
				GCC_WARN_UNDECLARED_SELECTOR = YES;
				GCC_WARN_UNINITIALIZED_AUTOS = YES_AGGRESSIVE;
				GCC_WARN_UNUSED_FUNCTION = YES;
				GCC_WARN_UNUSED_VARIABLE = YES;
				IPHONEOS_DEPLOYMENT_TARGET = 15.5;
				MTL_ENABLE_DEBUG_INFO = NO;
				MTL_FAST_MATH = YES;
				SDKROOT = iphoneos;
				SWIFT_COMPILATION_MODE = wholemodule;
				SWIFT_OPTIMIZATION_LEVEL = "-O";
				VALIDATE_PRODUCT = YES;
			};
			name = Release;
		};
		29DC4250291EC43E0067B0A8 /* Debug */ = {
			isa = XCBuildConfiguration;
			buildSettings = {
				ASSETCATALOG_COMPILER_APPICON_NAME = AppIcon;
				ASSETCATALOG_COMPILER_GLOBAL_ACCENT_COLOR_NAME = AccentColor;
				CODE_SIGN_STYLE = Automatic;
				CURRENT_PROJECT_VERSION = 1;
				DEVELOPMENT_ASSET_PATHS = "\"GlassyFy/Preview Content\"";
				ENABLE_PREVIEWS = YES;
				GENERATE_INFOPLIST_FILE = YES;
				INFOPLIST_KEY_UIApplicationSceneManifest_Generation = YES;
				INFOPLIST_KEY_UIApplicationSupportsIndirectInputEvents = YES;
				INFOPLIST_KEY_UILaunchScreen_Generation = YES;
				INFOPLIST_KEY_UISupportedInterfaceOrientations_iPad = "UIInterfaceOrientationPortrait UIInterfaceOrientationPortraitUpsideDown UIInterfaceOrientationLandscapeLeft UIInterfaceOrientationLandscapeRight";
				INFOPLIST_KEY_UISupportedInterfaceOrientations_iPhone = "UIInterfaceOrientationPortrait UIInterfaceOrientationLandscapeLeft UIInterfaceOrientationLandscapeRight";
				LD_RUNPATH_SEARCH_PATHS = (
					"$(inherited)",
					"@executable_path/Frameworks",
				);
				MARKETING_VERSION = 1.0;
				PRODUCT_BUNDLE_IDENTIFIER = ual.GlassyFy;
				PRODUCT_NAME = "$(TARGET_NAME)";
				SWIFT_EMIT_LOC_STRINGS = YES;
				SWIFT_VERSION = 5.0;
				TARGETED_DEVICE_FAMILY = "1,2";
			};
			name = Debug;
		};
		29DC4251291EC43E0067B0A8 /* Release */ = {
			isa = XCBuildConfiguration;
			buildSettings = {
				ASSETCATALOG_COMPILER_APPICON_NAME = AppIcon;
				ASSETCATALOG_COMPILER_GLOBAL_ACCENT_COLOR_NAME = AccentColor;
				CODE_SIGN_STYLE = Automatic;
				CURRENT_PROJECT_VERSION = 1;
				DEVELOPMENT_ASSET_PATHS = "\"GlassyFy/Preview Content\"";
				ENABLE_PREVIEWS = YES;
				GENERATE_INFOPLIST_FILE = YES;
				INFOPLIST_KEY_UIApplicationSceneManifest_Generation = YES;
				INFOPLIST_KEY_UIApplicationSupportsIndirectInputEvents = YES;
				INFOPLIST_KEY_UILaunchScreen_Generation = YES;
				INFOPLIST_KEY_UISupportedInterfaceOrientations_iPad = "UIInterfaceOrientationPortrait UIInterfaceOrientationPortraitUpsideDown UIInterfaceOrientationLandscapeLeft UIInterfaceOrientationLandscapeRight";
				INFOPLIST_KEY_UISupportedInterfaceOrientations_iPhone = "UIInterfaceOrientationPortrait UIInterfaceOrientationLandscapeLeft UIInterfaceOrientationLandscapeRight";
				LD_RUNPATH_SEARCH_PATHS = (
					"$(inherited)",
					"@executable_path/Frameworks",
				);
				MARKETING_VERSION = 1.0;
				PRODUCT_BUNDLE_IDENTIFIER = ual.GlassyFy;
				PRODUCT_NAME = "$(TARGET_NAME)";
				SWIFT_EMIT_LOC_STRINGS = YES;
				SWIFT_VERSION = 5.0;
				TARGETED_DEVICE_FAMILY = "1,2";
			};
			name = Release;
		};
/* End XCBuildConfiguration section */

/* Begin XCConfigurationList section */
		29DC423C291EC43D0067B0A8 /* Build configuration list for PBXProject "GlassyFy" */ = {
			isa = XCConfigurationList;
			buildConfigurations = (
				29DC424D291EC43E0067B0A8 /* Debug */,
				29DC424E291EC43E0067B0A8 /* Release */,
			);
			defaultConfigurationIsVisible = 0;
			defaultConfigurationName = Release;
		};
		29DC424F291EC43E0067B0A8 /* Build configuration list for PBXNativeTarget "GlassyFy" */ = {
			isa = XCConfigurationList;
			buildConfigurations = (
				29DC4250291EC43E0067B0A8 /* Debug */,
				29DC4251291EC43E0067B0A8 /* Release */,
			);
			defaultConfigurationIsVisible = 0;
			defaultConfigurationName = Release;
		};
/* End XCConfigurationList section */

/* Begin XCVersionGroup section */
		29DC4258291EC90D0067B0A8 /* GestionGlassyFyModel.xcdatamodeld */ = {
			isa = XCVersionGroup;
			children = (
				29DC4259291EC90D0067B0A8 /* GestionGlassyFyModel.xcdatamodel */,
			);
			currentVersion = 29DC4259291EC90D0067B0A8 /* GestionGlassyFyModel.xcdatamodel */;
			path = GestionGlassyFyModel.xcdatamodeld;
			sourceTree = "<group>";
			versionGroupType = wrapper.xcdatamodel;
		};
/* End XCVersionGroup section */
	};
	rootObject = 29DC4239291EC43D0067B0A8 /* Project object */;
}
